
Microsoft Visual Studio Solution File, Format Version 12.00
# Visual Studio Version 16
VisualStudioVersion = 16.0.29020.237
MinimumVisualStudioVersion = 10.0.40219.1
Project("{9A19103F-16F7-4668-BE54-9A1E7A4F7556}") = "NuevoComienzo", "..\cmartinezh184\NuevoComienzo\NuevoComienzo\NuevoComienzo.csproj", "{09CB37F7-912E-4EC6-B027-FB501663CBD9}"
EndProject
Global
	GlobalSection(SolutionConfigurationPlatforms) = preSolution
		Debug|Any CPU = Debug|Any CPU
		Release|Any CPU = Release|Any CPU
	EndGlobalSection
	GlobalSection(ProjectConfigurationPlatforms) = postSolution
		{09CB37F7-912E-4EC6-B027-FB501663CBD9}.Debug|Any CPU.ActiveCfg = Debug|Any CPU
		{09CB37F7-912E-4EC6-B027-FB501663CBD9}.Debug|Any CPU.Build.0 = Debug|Any CPU
		{09CB37F7-912E-4EC6-B027-FB501663CBD9}.Release|Any CPU.ActiveCfg = Release|Any CPU
		{09CB37F7-912E-4EC6-B027-FB501663CBD9}.Release|Any CPU.Build.0 = Release|Any CPU
	EndGlobalSection
	GlobalSection(SolutionProperties) = preSolution
		HideSolutionNode = FALSE
	EndGlobalSection
	GlobalSection(ExtensibilityGlobals) = postSolution
		SolutionGuid = {261634DE-292E-4843-BA1B-2B1A64DFE422}
	EndGlobalSection
EndGlobal
